
Microsoft Visual Studio Solution File, Format Version 12.00
# Visual Studio 15
VisualStudioVersion = 15.0.28307.1340
MinimumVisualStudioVersion = 10.0.40219.1
Project("{FAE04EC0-301F-11D3-BF4B-00C04F79EFBC}") = "cafe", "cafe\cafe.csproj", "{37A2A9B9-D89A-4066-8F62-76978D552FEA}"
EndProject
Global
	GlobalSection(SolutionConfigurationPlatforms) = preSolution
		Debug|Any CPU = Debug|Any CPU
		Release|Any CPU = Release|Any CPU
	EndGlobalSection
	GlobalSection(ProjectConfigurationPlatforms) = postSolution
		{37A2A9B9-D89A-4066-8F62-76978D552FEA}.Debug|Any CPU.ActiveCfg = Debug|Any CPU
		{37A2A9B9-D89A-4066-8F62-76978D552FEA}.Debug|Any CPU.Build.0 = Debug|Any CPU
		{37A2A9B9-D89A-4066-8F62-76978D552FEA}.Release|Any CPU.ActiveCfg = Release|Any CPU
		{37A2A9B9-D89A-4066-8F62-76978D552FEA}.Release|Any CPU.Build.0 = Release|Any CPU
	EndGlobalSection
	GlobalSection(SolutionProperties) = preSolution
		HideSolutionNode = FALSE
	EndGlobalSection
	GlobalSection(ExtensibilityGlobals) = postSolution
		SolutionGuid = {88FA4457-3347-4F81-A819-ABEAB157107E}
	EndGlobalSection
EndGlobal
